{
  "name": "trafikverket-script",
  "version": "1.0.0",
  "lockfileVersion": 2,
  "requires": true,
  "packages": {
    "": {
      "version": "1.0.0",
      "license": "ISC",
      "dependencies": {
        "dotenv": "^9.0.0",
        "node-fetch": "^2.6.1",
        "node-pushover": "^1.0.0"
      }
    },
    "node_modules/dotenv": {
      "version": "9.0.0",
      "resolved": "https://registry.npmjs.org/dotenv/-/dotenv-9.0.0.tgz",
      "integrity": "sha512-yy3x9XjojW8ROTBePD25AcMoHqGHsvHmtfw8QWlpEXyMMXXPj6brUA464AptUvHuTPRmNz6Sd3ZLNLeJl6dHJA==",
      "engines": {
        "node": ">=10"
      }
    },
    "node_modules/httpreq": {
      "version": "0.4.24",
      "resolved": "https://registry.npmjs.org/httpreq/-/httpreq-0.4.24.tgz",
      "integrity": "sha1-QzX/2CzZaWaKOUZckprGHWOTYn8=",
      "engines": {
        "node": ">= 0.8.0"
      }
    },
    "node_modules/node-fetch": {
      "version": "2.6.1",
      "resolved": "https://registry.npmjs.org/node-fetch/-/node-fetch-2.6.1.tgz",
      "integrity": "sha512-V4aYg89jEoVRxRb2fJdAg8FHvI7cEyYdVAh94HH0UIK8oJxUfkjlDQN9RbMx+bEjP7+ggMiFRprSti032Oipxw==",
      "engines": {
        "node": "4.x || >=6.0.0"
      }
    },
    "node_modules/node-pushover": {
      "version": "1.0.0",
      "resolved": "https://registry.npmjs.org/node-pushover/-/node-pushover-1.0.0.tgz",
      "integrity": "sha512-yIIt6a60obTco2/Yr0/9iR4+4sDbDzlM3qpaJ99xnAwFlDeg29V5ur19D2L+S9i5LaBao5yAQKAdpvQ+7kVIng==",
      "dependencies": {
        "httpreq": "*"
      }
    }
  },
  "dependencies": {
    "dotenv": {
      "version": "9.0.0",
      "resolved": "https://registry.npmjs.org/dotenv/-/dotenv-9.0.0.tgz",
      "integrity": "sha512-yy3x9XjojW8ROTBePD25AcMoHqGHsvHmtfw8QWlpEXyMMXXPj6brUA464AptUvHuTPRmNz6Sd3ZLNLeJl6dHJA=="
    },
    "httpreq": {
      "version": "0.4.24",
      "resolved": "https://registry.npmjs.org/httpreq/-/httpreq-0.4.24.tgz",
      "integrity": "sha1-QzX/2CzZaWaKOUZckprGHWOTYn8="
    },
    "node-fetch": {
      "version": "2.6.1",
      "resolved": "https://registry.npmjs.org/node-fetch/-/node-fetch-2.6.1.tgz",
      "integrity": "sha512-V4aYg89jEoVRxRb2fJdAg8FHvI7cEyYdVAh94HH0UIK8oJxUfkjlDQN9RbMx+bEjP7+ggMiFRprSti032Oipxw=="
    },
    "node-pushover": {
      "version": "1.0.0",
      "resolved": "https://registry.npmjs.org/node-pushover/-/node-pushover-1.0.0.tgz",
      "integrity": "sha512-yIIt6a60obTco2/Yr0/9iR4+4sDbDzlM3qpaJ99xnAwFlDeg29V5ur19D2L+S9i5LaBao5yAQKAdpvQ+7kVIng==",
      "requires": {
        "httpreq": "*"
      }
    }
  }
}
